Microsoft Visual Studio Solution File, Format Version 12.00
# Visual Studio Version 17
VisualStudioVersion = 17.5.2.0
MinimumVisualStudioVersion = 10.0.40219.1
Project("{FAE04EC0-301F-11D3-BF4B-00C04F79EFBC}") = "classic", "classic.csproj", "{2D94CBB3-8F7A-6E0D-C123-45DAF8376D98}"
EndProject
Global
	GlobalSection(SolutionConfigurationPlatforms) = preSolution
		Debug|Any CPU = Debug|Any CPU
		Release|Any CPU = Release|Any CPU
	EndGlobalSection
	GlobalSection(ProjectConfigurationPlatforms) = postSolution
		{2D94CBB3-8F7A-6E0D-C123-45DAF8376D98}.Debug|Any CPU.ActiveCfg = Debug|Any CPU
		{2D94CBB3-8F7A-6E0D-C123-45DAF8376D98}.Debug|Any CPU.Build.0 = Debug|Any CPU
		{2D94CBB3-8F7A-6E0D-C123-45DAF8376D98}.Release|Any CPU.ActiveCfg = Release|Any CPU
		{2D94CBB3-8F7A-6E0D-C123-45DAF8376D98}.Release|Any CPU.Build.0 = Release|Any CPU
	EndGlobalSection
	GlobalSection(SolutionProperties) = preSolution
		HideSolutionNode = FALSE
	EndGlobalSection
	GlobalSection(ExtensibilityGlobals) = postSolution
		SolutionGuid = {B9DCC24A-CFB1-4656-B69B-67E3D96E5365}
	EndGlobalSection
EndGlobal
